
Microsoft Visual Studio Solution File, Format Version 11.00
# Visual C# Express 2010
Project("{FAE04EC0-301F-11D3-BF4B-00C04F79EFBC}") = "Elide", "Elide\Elide.csproj", "{57414936-4D32-4E68-8132-1EE201AFC41C}"
EndProject
Project("{FAE04EC0-301F-11D3-BF4B-00C04F79EFBC}") = "Elide.Core", "Elide.Core\Elide.Core.csproj", "{134691C3-4CFB-4D1B-AA75-D34587CA0B69}"
EndProject
Project("{FAE04EC0-301F-11D3-BF4B-00C04F79EFBC}") = "Elide.Main", "Elide.Main\Elide.Main.csproj", "{B49AC677-1154-4F7B-8B57-9AE3CE20F615}"
EndProject
Project("{FAE04EC0-301F-11D3-BF4B-00C04F79EFBC}") = "Elide.Common", "Elide.Common\Elide.Common.csproj", "{A5363A1F-8DD1-4F6F-A631-EB6864BB1224}"
EndProject
Project("{FAE04EC0-301F-11D3-BF4B-00C04F79EFBC}") = "Elide.Environment", "Elide.Environment\Elide.Environment.csproj", "{8226ABEC-FC5B-4A9E-87BD-53DBC7CC6F72}"
EndProject
Project("{FAE04EC0-301F-11D3-BF4B-00C04F79EFBC}") = "Elide.Forms", "Elide.Forms\Elide.Forms.csproj", "{99415DC5-9DE6-449E-8F55-D676AB900A04}"
EndProject
Project("{FAE04EC0-301F-11D3-BF4B-00C04F79EFBC}") = "Elide.Workbench", "Elide.Workbench\Elide.Workbench.csproj", "{7EB01154-F308-44DF-9F55-1124A87D01C7}"
EndProject
Project("{FAE04EC0-301F-11D3-BF4B-00C04F79EFBC}") = "Elide.Scintilla", "Elide.Scintilla\Elide.Scintilla.csproj", "{6A4F4A56-BCFF-4492-AE87-02FBCF43089E}"
EndProject
Project("{FAE04EC0-301F-11D3-BF4B-00C04F79EFBC}") = "Elide.TextEditor", "Elide.TextEditor\Elide.TextEditor.csproj", "{E78D9E9A-3654-4BB7-916E-E3571FAD854F}"
EndProject
Project("{FAE04EC0-301F-11D3-BF4B-00C04F79EFBC}") = "Elide.PlainText", "Elide.PlainText\Elide.PlainText.csproj", "{2C56BB93-9B67-47D4-AD24-F093182D4986}"
EndProject
Project("{FAE04EC0-301F-11D3-BF4B-00C04F79EFBC}") = "Elide.Configuration", "Elide.Configuration\Elide.Configuration.csproj", "{4E0DD4B0-CE87-45C5-A058-50688F0CAA2C}"
EndProject
Project("{FAE04EC0-301F-11D3-BF4B-00C04F79EFBC}") = "Elide.ElaObject", "Elide.ElaObject\Elide.ElaObject.csproj", "{923AA9E5-F273-4ABE-98AE-A85FDD98280B}"
EndProject
Project("{FAE04EC0-301F-11D3-BF4B-00C04F79EFBC}") = "Elide.EilCode", "Elide.EilCode\Elide.EilCode.csproj", "{768AD4C6-395A-4445-8755-3AF5BE9E9931}"
EndProject
Project("{FAE04EC0-301F-11D3-BF4B-00C04F79EFBC}") = "Elide.ElaCode", "Elide.ElaCode\Elide.ElaCode.csproj", "{35597457-8173-4122-A0BC-D5DB61A1A510}"
EndProject
Project("{FAE04EC0-301F-11D3-BF4B-00C04F79EFBC}") = "Elide.CodeEditor", "Elide.CodeEditor\Elide.CodeEditor.csproj", "{A7A5BEBC-536C-42A2-8FE2-31483B088F8A}"
EndProject
Project("{FAE04EC0-301F-11D3-BF4B-00C04F79EFBC}") = "Elide.CodeWorkbench", "Elide.CodeWorkbench\Elide.CodeWorkbench.csproj", "{D167B14C-9DE0-4DF6-8D9C-4298EBBF0A7D}"
EndProject
Project("{FAE04EC0-301F-11D3-BF4B-00C04F79EFBC}") = "Elide.Console", "Elide.Console\Elide.Console.csproj", "{A88113E0-C3F6-45EB-8AEF-231CAD048E03}"
EndProject
Project("{FAE04EC0-301F-11D3-BF4B-00C04F79EFBC}") = "Elide.TextWorkbench", "Elide.TextWorkbench\Elide.TextWorkbench.csproj", "{818B198D-BF4E-43C9-B6F5-7C1F3B6DB59E}"
EndProject
Project("{FAE04EC0-301F-11D3-BF4B-00C04F79EFBC}") = "Elide.WelcomePage", "Elide.WelcomePage\Elide.WelcomePage.csproj", "{C2ACF745-04FE-4059-8573-0CBA4BB763D6}"
EndProject
Project("{FAE04EC0-301F-11D3-BF4B-00C04F79EFBC}") = "Elide.Meta", "Elide.Meta\Elide.Meta.csproj", "{958A8279-AAC7-49E0-961E-C24FDB663B45}"
EndProject
Project("{FAE04EC0-301F-11D3-BF4B-00C04F79EFBC}") = "Elide.HelpViewer", "Elide.HelpViewer\Elide.HelpViewer.csproj", "{22E54B84-8D7F-497D-BB28-03DC3DF3A734}"
EndProject
Global
	GlobalSection(SolutionConfigurationPlatforms) = preSolution
		Debug|Any CPU = Debug|Any CPU
		Debug|x86 = Debug|x86
		Release|Any CPU = Release|Any CPU
		Release|x86 = Release|x86
	EndGlobalSection
	GlobalSection(ProjectConfigurationPlatforms) = postSolution
		{57414936-4D32-4E68-8132-1EE201AFC41C}.Debug|Any CPU.ActiveCfg = Debug|Any CPU
		{57414936-4D32-4E68-8132-1EE201AFC41C}.Debug|Any CPU.Build.0 = Debug|Any CPU
		{57414936-4D32-4E68-8132-1EE201AFC41C}.Debug|x86.ActiveCfg = Debug|x86
		{57414936-4D32-4E68-8132-1EE201AFC41C}.Debug|x86.Build.0 = Debug|x86
		{57414936-4D32-4E68-8132-1EE201AFC41C}.Release|Any CPU.ActiveCfg = Release|Any CPU
		{57414936-4D32-4E68-8132-1EE201AFC41C}.Release|Any CPU.Build.0 = Release|Any CPU
		{57414936-4D32-4E68-8132-1EE201AFC41C}.Release|x86.ActiveCfg = Release|x86
		{57414936-4D32-4E68-8132-1EE201AFC41C}.Release|x86.Build.0 = Release|x86
		{134691C3-4CFB-4D1B-AA75-D34587CA0B69}.Debug|Any CPU.ActiveCfg = Debug|Any CPU
		{134691C3-4CFB-4D1B-AA75-D34587CA0B69}.Debug|Any CPU.Build.0 = Debug|Any CPU
		{134691C3-4CFB-4D1B-AA75-D34587CA0B69}.Debug|x86.ActiveCfg = Debug|x86
		{134691C3-4CFB-4D1B-AA75-D34587CA0B69}.Debug|x86.Build.0 = Debug|x86
		{134691C3-4CFB-4D1B-AA75-D34587CA0B69}.Release|Any CPU.ActiveCfg = Release|Any CPU
		{134691C3-4CFB-4D1B-AA75-D34587CA0B69}.Release|Any CPU.Build.0 = Release|Any CPU
		{134691C3-4CFB-4D1B-AA75-D34587CA0B69}.Release|x86.ActiveCfg = Release|x86
		{134691C3-4CFB-4D1B-AA75-D34587CA0B69}.Release|x86.Build.0 = Release|x86
		{B49AC677-1154-4F7B-8B57-9AE3CE20F615}.Debug|Any CPU.ActiveCfg = Debug|Any CPU
		{B49AC677-1154-4F7B-8B57-9AE3CE20F615}.Debug|Any CPU.Build.0 = Debug|Any CPU
		{B49AC677-1154-4F7B-8B57-9AE3CE20F615}.Debug|x86.ActiveCfg = Debug|x86
		{B49AC677-1154-4F7B-8B57-9AE3CE20F615}.Debug|x86.Build.0 = Debug|x86
		{B49AC677-1154-4F7B-8B57-9AE3CE20F615}.Release|Any CPU.ActiveCfg = Release|Any CPU
		{B49AC677-1154-4F7B-8B57-9AE3CE20F615}.Release|Any CPU.Build.0 = Release|Any CPU
		{B49AC677-1154-4F7B-8B57-9AE3CE20F615}.Release|x86.ActiveCfg = Release|x86
		{B49AC677-1154-4F7B-8B57-9AE3CE20F615}.Release|x86.Build.0 = Release|x86
		{A5363A1F-8DD1-4F6F-A631-EB6864BB1224}.Debug|Any CPU.ActiveCfg = Debug|Any CPU
		{A5363A1F-8DD1-4F6F-A631-EB6864BB1224}.Debug|Any CPU.Build.0 = Debug|Any CPU
		{A5363A1F-8DD1-4F6F-A631-EB6864BB1224}.Debug|x86.ActiveCfg = Debug|x86
		{A5363A1F-8DD1-4F6F-A631-EB6864BB1224}.Debug|x86.Build.0 = Debug|x86
		{A5363A1F-8DD1-4F6F-A631-EB6864BB1224}.Release|Any CPU.ActiveCfg = Release|Any CPU
		{A5363A1F-8DD1-4F6F-A631-EB6864BB1224}.Release|Any CPU.Build.0 = Release|Any CPU
		{A5363A1F-8DD1-4F6F-A631-EB6864BB1224}.Release|x86.ActiveCfg = Release|x86
		{A5363A1F-8DD1-4F6F-A631-EB6864BB1224}.Release|x86.Build.0 = Release|x86
		{8226ABEC-FC5B-4A9E-87BD-53DBC7CC6F72}.Debug|Any CPU.ActiveCfg = Debug|Any CPU
		{8226ABEC-FC5B-4A9E-87BD-53DBC7CC6F72}.Debug|Any CPU.Build.0 = Debug|Any CPU
		{8226ABEC-FC5B-4A9E-87BD-53DBC7CC6F72}.Debug|x86.ActiveCfg = Debug|x86
		{8226ABEC-FC5B-4A9E-87BD-53DBC7CC6F72}.Debug|x86.Build.0 = Debug|x86
		{8226ABEC-FC5B-4A9E-87BD-53DBC7CC6F72}.Release|Any CPU.ActiveCfg = Release|Any CPU
		{8226ABEC-FC5B-4A9E-87BD-53DBC7CC6F72}.Release|Any CPU.Build.0 = Release|Any CPU
		{8226ABEC-FC5B-4A9E-87BD-53DBC7CC6F72}.Release|x86.ActiveCfg = Release|x86
		{8226ABEC-FC5B-4A9E-87BD-53DBC7CC6F72}.Release|x86.Build.0 = Release|x86
		{99415DC5-9DE6-449E-8F55-D676AB900A04}.Debug|Any CPU.ActiveCfg = Debug|Any CPU
		{99415DC5-9DE6-449E-8F55-D676AB900A04}.Debug|Any CPU.Build.0 = Debug|Any CPU
		{99415DC5-9DE6-449E-8F55-D676AB900A04}.Debug|x86.ActiveCfg = Debug|x86
		{99415DC5-9DE6-449E-8F55-D676AB900A04}.Debug|x86.Build.0 = Debug|x86
		{99415DC5-9DE6-449E-8F55-D676AB900A04}.Release|Any CPU.ActiveCfg = Release|Any CPU
		{99415DC5-9DE6-449E-8F55-D676AB900A04}.Release|Any CPU.Build.0 = Release|Any CPU
		{99415DC5-9DE6-449E-8F55-D676AB900A04}.Release|x86.ActiveCfg = Release|x86
		{99415DC5-9DE6-449E-8F55-D676AB900A04}.Release|x86.Build.0 = Release|x86
		{7EB01154-F308-44DF-9F55-1124A87D01C7}.Debug|Any CPU.ActiveCfg = Debug|Any CPU
		{7EB01154-F308-44DF-9F55-1124A87D01C7}.Debug|Any CPU.Build.0 = Debug|Any CPU
		{7EB01154-F308-44DF-9F55-1124A87D01C7}.Debug|x86.ActiveCfg = Debug|x86
		{7EB01154-F308-44DF-9F55-1124A87D01C7}.Debug|x86.Build.0 = Debug|x86
		{7EB01154-F308-44DF-9F55-1124A87D01C7}.Release|Any CPU.ActiveCfg = Release|Any CPU
		{7EB01154-F308-44DF-9F55-1124A87D01C7}.Release|Any CPU.Build.0 = Release|Any CPU
		{7EB01154-F308-44DF-9F55-1124A87D01C7}.Release|x86.ActiveCfg = Release|x86
		{7EB01154-F308-44DF-9F55-1124A87D01C7}.Release|x86.Build.0 = Release|x86
		{6A4F4A56-BCFF-4492-AE87-02FBCF43089E}.Debug|Any CPU.ActiveCfg = Debug|Any CPU
		{6A4F4A56-BCFF-4492-AE87-02FBCF43089E}.Debug|Any CPU.Build.0 = Debug|Any CPU
		{6A4F4A56-BCFF-4492-AE87-02FBCF43089E}.Debug|x86.ActiveCfg = Debug|x86
		{6A4F4A56-BCFF-4492-AE87-02FBCF43089E}.Debug|x86.Build.0 = Debug|x86
		{6A4F4A56-BCFF-4492-AE87-02FBCF43089E}.Release|Any CPU.ActiveCfg = Release|Any CPU
		{6A4F4A56-BCFF-4492-AE87-02FBCF43089E}.Release|Any CPU.Build.0 = Release|Any CPU
		{6A4F4A56-BCFF-4492-AE87-02FBCF43089E}.Release|x86.ActiveCfg = Release|x86
		{6A4F4A56-BCFF-4492-AE87-02FBCF43089E}.Release|x86.Build.0 = Release|x86
		{E78D9E9A-3654-4BB7-916E-E3571FAD854F}.Debug|Any CPU.ActiveCfg = Debug|Any CPU
		{E78D9E9A-3654-4BB7-916E-E3571FAD854F}.Debug|Any CPU.Build.0 = Debug|Any CPU
		{E78D9E9A-3654-4BB7-916E-E3571FAD854F}.Debug|x86.ActiveCfg = Debug|x86
		{E78D9E9A-3654-4BB7-916E-E3571FAD854F}.Debug|x86.Build.0 = Debug|x86
		{E78D9E9A-3654-4BB7-916E-E3571FAD854F}.Release|Any CPU.ActiveCfg = Release|Any CPU
		{E78D9E9A-3654-4BB7-916E-E3571FAD854F}.Release|Any CPU.Build.0 = Release|Any CPU
		{E78D9E9A-3654-4BB7-916E-E3571FAD854F}.Release|x86.ActiveCfg = Release|x86
		{E78D9E9A-3654-4BB7-916E-E3571FAD854F}.Release|x86.Build.0 = Release|x86
		{2C56BB93-9B67-47D4-AD24-F093182D4986}.Debug|Any CPU.ActiveCfg = Debug|Any CPU
		{2C56BB93-9B67-47D4-AD24-F093182D4986}.Debug|Any CPU.Build.0 = Debug|Any CPU
		{2C56BB93-9B67-47D4-AD24-F093182D4986}.Debug|x86.ActiveCfg = Debug|x86
		{2C56BB93-9B67-47D4-AD24-F093182D4986}.Debug|x86.Build.0 = Debug|x86
		{2C56BB93-9B67-47D4-AD24-F093182D4986}.Release|Any CPU.ActiveCfg = Release|Any CPU
		{2C56BB93-9B67-47D4-AD24-F093182D4986}.Release|Any CPU.Build.0 = Release|Any CPU
		{2C56BB93-9B67-47D4-AD24-F093182D4986}.Release|x86.ActiveCfg = Release|x86
		{2C56BB93-9B67-47D4-AD24-F093182D4986}.Release|x86.Build.0 = Release|x86
		{4E0DD4B0-CE87-45C5-A058-50688F0CAA2C}.Debug|Any CPU.ActiveCfg = Debug|Any CPU
		{4E0DD4B0-CE87-45C5-A058-50688F0CAA2C}.Debug|Any CPU.Build.0 = Debug|Any CPU
		{4E0DD4B0-CE87-45C5-A058-50688F0CAA2C}.Debug|x86.ActiveCfg = Debug|x86
		{4E0DD4B0-CE87-45C5-A058-50688F0CAA2C}.Debug|x86.Build.0 = Debug|x86
		{4E0DD4B0-CE87-45C5-A058-50688F0CAA2C}.Release|Any CPU.ActiveCfg = Release|Any CPU
		{4E0DD4B0-CE87-45C5-A058-50688F0CAA2C}.Release|Any CPU.Build.0 = Release|Any CPU
		{4E0DD4B0-CE87-45C5-A058-50688F0CAA2C}.Release|x86.ActiveCfg = Release|x86
		{4E0DD4B0-CE87-45C5-A058-50688F0CAA2C}.Release|x86.Build.0 = Release|x86
		{923AA9E5-F273-4ABE-98AE-A85FDD98280B}.Debug|Any CPU.ActiveCfg = Debug|Any CPU
		{923AA9E5-F273-4ABE-98AE-A85FDD98280B}.Debug|Any CPU.Build.0 = Debug|Any CPU
		{923AA9E5-F273-4ABE-98AE-A85FDD98280B}.Debug|x86.ActiveCfg = Debug|x86
		{923AA9E5-F273-4ABE-98AE-A85FDD98280B}.Debug|x86.Build.0 = Debug|x86
		{923AA9E5-F273-4ABE-98AE-A85FDD98280B}.Release|Any CPU.ActiveCfg = Release|Any CPU
		{923AA9E5-F273-4ABE-98AE-A85FDD98280B}.Release|Any CPU.Build.0 = Release|Any CPU
		{923AA9E5-F273-4ABE-98AE-A85FDD98280B}.Release|x86.ActiveCfg = Release|x86
		{923AA9E5-F273-4ABE-98AE-A85FDD98280B}.Release|x86.Build.0 = Release|x86
		{768AD4C6-395A-4445-8755-3AF5BE9E9931}.Debug|Any CPU.ActiveCfg = Debug|Any CPU
		{768AD4C6-395A-4445-8755-3AF5BE9E9931}.Debug|Any CPU.Build.0 = Debug|Any CPU
		{768AD4C6-395A-4445-8755-3AF5BE9E9931}.Debug|x86.ActiveCfg = Debug|x86
		{768AD4C6-395A-4445-8755-3AF5BE9E9931}.Debug|x86.Build.0 = Debug|x86
		{768AD4C6-395A-4445-8755-3AF5BE9E9931}.Release|Any CPU.ActiveCfg = Release|Any CPU
		{768AD4C6-395A-4445-8755-3AF5BE9E9931}.Release|Any CPU.Build.0 = Release|Any CPU
		{768AD4C6-395A-4445-8755-3AF5BE9E9931}.Release|x86.ActiveCfg = Release|x86
		{768AD4C6-395A-4445-8755-3AF5BE9E9931}.Release|x86.Build.0 = Release|x86
		{35597457-8173-4122-A0BC-D5DB61A1A510}.Debug|Any CPU.ActiveCfg = Debug|Any CPU
		{35597457-8173-4122-A0BC-D5DB61A1A510}.Debug|Any CPU.Build.0 = Debug|Any CPU
		{35597457-8173-4122-A0BC-D5DB61A1A510}.Debug|x86.ActiveCfg = Debug|x86
		{35597457-8173-4122-A0BC-D5DB61A1A510}.Debug|x86.Build.0 = Debug|x86
		{35597457-8173-4122-A0BC-D5DB61A1A510}.Release|Any CPU.ActiveCfg = Release|Any CPU
		{35597457-8173-4122-A0BC-D5DB61A1A510}.Release|Any CPU.Build.0 = Release|Any CPU
		{35597457-8173-4122-A0BC-D5DB61A1A510}.Release|x86.ActiveCfg = Release|x86
		{35597457-8173-4122-A0BC-D5DB61A1A510}.Release|x86.Build.0 = Release|x86
		{A7A5BEBC-536C-42A2-8FE2-31483B088F8A}.Debug|Any CPU.ActiveCfg = Debug|Any CPU
		{A7A5BEBC-536C-42A2-8FE2-31483B088F8A}.Debug|Any CPU.Build.0 = Debug|Any CPU
		{A7A5BEBC-536C-42A2-8FE2-31483B088F8A}.Debug|x86.ActiveCfg = Debug|x86
		{A7A5BEBC-536C-42A2-8FE2-31483B088F8A}.Debug|x86.Build.0 = Debug|x86
		{A7A5BEBC-536C-42A2-8FE2-31483B088F8A}.Release|Any CPU.ActiveCfg = Release|Any CPU
		{A7A5BEBC-536C-42A2-8FE2-31483B088F8A}.Release|Any CPU.Build.0 = Release|Any CPU
		{A7A5BEBC-536C-42A2-8FE2-31483B088F8A}.Release|x86.ActiveCfg = Release|x86
		{A7A5BEBC-536C-42A2-8FE2-31483B088F8A}.Release|x86.Build.0 = Release|x86
		{D167B14C-9DE0-4DF6-8D9C-4298EBBF0A7D}.Debug|Any CPU.ActiveCfg = Debug|Any CPU
		{D167B14C-9DE0-4DF6-8D9C-4298EBBF0A7D}.Debug|Any CPU.Build.0 = Debug|Any CPU
		{D167B14C-9DE0-4DF6-8D9C-4298EBBF0A7D}.Debug|x86.ActiveCfg = Debug|x86
		{D167B14C-9DE0-4DF6-8D9C-4298EBBF0A7D}.Debug|x86.Build.0 = Debug|x86
		{D167B14C-9DE0-4DF6-8D9C-4298EBBF0A7D}.Release|Any CPU.ActiveCfg = Release|Any CPU
		{D167B14C-9DE0-4DF6-8D9C-4298EBBF0A7D}.Release|Any CPU.Build.0 = Release|Any CPU
		{D167B14C-9DE0-4DF6-8D9C-4298EBBF0A7D}.Release|x86.ActiveCfg = Release|x86
		{D167B14C-9DE0-4DF6-8D9C-4298EBBF0A7D}.Release|x86.Build.0 = Release|x86
		{A88113E0-C3F6-45EB-8AEF-231CAD048E03}.Debug|Any CPU.ActiveCfg = Debug|Any CPU
		{A88113E0-C3F6-45EB-8AEF-231CAD048E03}.Debug|Any CPU.Build.0 = Debug|Any CPU
		{A88113E0-C3F6-45EB-8AEF-231CAD048E03}.Debug|x86.ActiveCfg = Debug|x86
		{A88113E0-C3F6-45EB-8AEF-231CAD048E03}.Debug|x86.Build.0 = Debug|x86
		{A88113E0-C3F6-45EB-8AEF-231CAD048E03}.Release|Any CPU.ActiveCfg = Release|Any CPU
		{A88113E0-C3F6-45EB-8AEF-231CAD048E03}.Release|Any CPU.Build.0 = Release|Any CPU
		{A88113E0-C3F6-45EB-8AEF-231CAD048E03}.Release|x86.ActiveCfg = Release|x86
		{A88113E0-C3F6-45EB-8AEF-231CAD048E03}.Release|x86.Build.0 = Release|x86
		{818B198D-BF4E-43C9-B6F5-7C1F3B6DB59E}.Debug|Any CPU.ActiveCfg = Debug|Any CPU
		{818B198D-BF4E-43C9-B6F5-7C1F3B6DB59E}.Debug|Any CPU.Build.0 = Debug|Any CPU
		{818B198D-BF4E-43C9-B6F5-7C1F3B6DB59E}.Debug|x86.ActiveCfg = Debug|x86
		{818B198D-BF4E-43C9-B6F5-7C1F3B6DB59E}.Debug|x86.Build.0 = Debug|x86
		{818B198D-BF4E-43C9-B6F5-7C1F3B6DB59E}.Release|Any CPU.ActiveCfg = Release|Any CPU
		{818B198D-BF4E-43C9-B6F5-7C1F3B6DB59E}.Release|Any CPU.Build.0 = Release|Any CPU
		{818B198D-BF4E-43C9-B6F5-7C1F3B6DB59E}.Release|x86.ActiveCfg = Release|x86
		{818B198D-BF4E-43C9-B6F5-7C1F3B6DB59E}.Release|x86.Build.0 = Release|x86
		{C2ACF745-04FE-4059-8573-0CBA4BB763D6}.Debug|Any CPU.ActiveCfg = Debug|Any CPU
		{C2ACF745-04FE-4059-8573-0CBA4BB763D6}.Debug|Any CPU.Build.0 = Debug|Any CPU
		{C2ACF745-04FE-4059-8573-0CBA4BB763D6}.Debug|x86.ActiveCfg = Debug|x86
		{C2ACF745-04FE-4059-8573-0CBA4BB763D6}.Debug|x86.Build.0 = Debug|x86
		{C2ACF745-04FE-4059-8573-0CBA4BB763D6}.Release|Any CPU.ActiveCfg = Release|Any CPU
		{C2ACF745-04FE-4059-8573-0CBA4BB763D6}.Release|Any CPU.Build.0 = Release|Any CPU
		{C2ACF745-04FE-4059-8573-0CBA4BB763D6}.Release|x86.ActiveCfg = Release|x86
		{C2ACF745-04FE-4059-8573-0CBA4BB763D6}.Release|x86.Build.0 = Release|x86
		{958A8279-AAC7-49E0-961E-C24FDB663B45}.Debug|Any CPU.ActiveCfg = Debug|Any CPU
		{958A8279-AAC7-49E0-961E-C24FDB663B45}.Debug|Any CPU.Build.0 = Debug|Any CPU
		{958A8279-AAC7-49E0-961E-C24FDB663B45}.Debug|x86.ActiveCfg = Debug|x86
		{958A8279-AAC7-49E0-961E-C24FDB663B45}.Debug|x86.Build.0 = Debug|x86
		{958A8279-AAC7-49E0-961E-C24FDB663B45}.Release|Any CPU.ActiveCfg = Release|Any CPU
		{958A8279-AAC7-49E0-961E-C24FDB663B45}.Release|Any CPU.Build.0 = Release|Any CPU
		{958A8279-AAC7-49E0-961E-C24FDB663B45}.Release|x86.ActiveCfg = Release|x86
		{958A8279-AAC7-49E0-961E-C24FDB663B45}.Release|x86.Build.0 = Release|x86
		{22E54B84-8D7F-497D-BB28-03DC3DF3A734}.Debug|Any CPU.ActiveCfg = Debug|Any CPU
		{22E54B84-8D7F-497D-BB28-03DC3DF3A734}.Debug|Any CPU.Build.0 = Debug|Any CPU
		{22E54B84-8D7F-497D-BB28-03DC3DF3A734}.Debug|x86.ActiveCfg = Debug|x86
		{22E54B84-8D7F-497D-BB28-03DC3DF3A734}.Debug|x86.Build.0 = Debug|x86
		{22E54B84-8D7F-497D-BB28-03DC3DF3A734}.Release|Any CPU.ActiveCfg = Release|Any CPU
		{22E54B84-8D7F-497D-BB28-03DC3DF3A734}.Release|Any CPU.Build.0 = Release|Any CPU
		{22E54B84-8D7F-497D-BB28-03DC3DF3A734}.Release|x86.ActiveCfg = Release|x86
		{22E54B84-8D7F-497D-BB28-03DC3DF3A734}.Release|x86.Build.0 = Release|x86
	EndGlobalSection
	GlobalSection(SolutionProperties) = preSolution
		HideSolutionNode = FALSE
	EndGlobalSection
EndGlobal
